
Microsoft Visual Studio Solution File, Format Version 12.00
# Visual Studio 15
VisualStudioVersion = 15.0.28307.136
MinimumVisualStudioVersion = 10.0.40219.1
Project("{FAE04EC0-301F-11D3-BF4B-00C04F79EFBC}") = "Stopwatchc", "ConsoleApp6\Stopwatchc.csproj", "{FE6FCB9F-42B3-4338-A476-AE36930B226B}"
EndProject
Project("{FAE04EC0-301F-11D3-BF4B-00C04F79EFBC}") = "Stackoverflowpost", "Stackoverflowpost\Stackoverflowpost.csproj", "{03E69D7B-67A2-449E-82F4-B60C734CE662}"
EndProject
Project("{FAE04EC0-301F-11D3-BF4B-00C04F79EFBC}") = "Inheritence", "Inheritence\Inheritence.csproj", "{1ED5DAB3-2C25-48DA-A958-FFC69FFD5C1B}"
EndProject
Project("{FAE04EC0-301F-11D3-BF4B-00C04F79EFBC}") = "Composistion", "Composistion\Composistion.csproj", "{E729ECD3-0CD3-45C4-9243-58F3B603B5A2}"
EndProject
Project("{FAE04EC0-301F-11D3-BF4B-00C04F79EFBC}") = "AccessModifiers", "AccessModifiers\AccessModifiers.csproj", "{BED310A1-97CC-4FCC-8076-76C9E76AA162}"
EndProject
Project("{9A19103F-16F7-4668-BE54-9A1E7A4F7556}") = "AccessModifiersCL", "AccessModifiersCL\AccessModifiersCL.csproj", "{8DCA1518-AAA8-4819-9F95-8C0ED4C07B3B}"
EndProject
Project("{FAE04EC0-301F-11D3-BF4B-00C04F79EFBC}") = "ConstructorInheritance", "ConstructorInheritance\ConstructorInheritance.csproj", "{6F3657D0-AC57-42D5-A589-C0FE6814DA6E}"
EndProject
Project("{FAE04EC0-301F-11D3-BF4B-00C04F79EFBC}") = "StackExercise", "StackExercise\StackExercise.csproj", "{4BDA259B-B15E-4908-9128-2F0DF96A3ACC}"
EndProject
Project("{FAE04EC0-301F-11D3-BF4B-00C04F79EFBC}") = "MethodOverriding", "MethodOverriding\MethodOverriding.csproj", "{DA77DF1F-9CFC-494A-A1C4-A83305577590}"
EndProject
Project("{FAE04EC0-301F-11D3-BF4B-00C04F79EFBC}") = "Abstaction", "Abstaction\Abstaction.csproj", "{43DB98F7-CE04-4168-854F-5F73274B7ED2}"
EndProject
Project("{FAE04EC0-301F-11D3-BF4B-00C04F79EFBC}") = "SealedClass", "SealedClass\SealedClass.csproj", "{FACD495E-B085-4512-838D-5C94DC2046C6}"
EndProject
Project("{FAE04EC0-301F-11D3-BF4B-00C04F79EFBC}") = "PholymophrismDBConnectionEx", "PholymophrismDBConnectionEx\PholymophrismDBConnectionEx.csproj", "{77C3F016-3AD3-4F7F-8E9C-358B67BEFDEA}"
EndProject
Global
	GlobalSection(SolutionConfigurationPlatforms) = preSolution
		Debug|Any CPU = Debug|Any CPU
		Release|Any CPU = Release|Any CPU
	EndGlobalSection
	GlobalSection(ProjectConfigurationPlatforms) = postSolution
		{FE6FCB9F-42B3-4338-A476-AE36930B226B}.Debug|Any CPU.ActiveCfg = Debug|Any CPU
		{FE6FCB9F-42B3-4338-A476-AE36930B226B}.Debug|Any CPU.Build.0 = Debug|Any CPU
		{FE6FCB9F-42B3-4338-A476-AE36930B226B}.Release|Any CPU.ActiveCfg = Release|Any CPU
		{FE6FCB9F-42B3-4338-A476-AE36930B226B}.Release|Any CPU.Build.0 = Release|Any CPU
		{03E69D7B-67A2-449E-82F4-B60C734CE662}.Debug|Any CPU.ActiveCfg = Debug|Any CPU
		{03E69D7B-67A2-449E-82F4-B60C734CE662}.Debug|Any CPU.Build.0 = Debug|Any CPU
		{03E69D7B-67A2-449E-82F4-B60C734CE662}.Release|Any CPU.ActiveCfg = Release|Any CPU
		{03E69D7B-67A2-449E-82F4-B60C734CE662}.Release|Any CPU.Build.0 = Release|Any CPU
		{1ED5DAB3-2C25-48DA-A958-FFC69FFD5C1B}.Debug|Any CPU.ActiveCfg = Debug|Any CPU
		{1ED5DAB3-2C25-48DA-A958-FFC69FFD5C1B}.Debug|Any CPU.Build.0 = Debug|Any CPU
		{1ED5DAB3-2C25-48DA-A958-FFC69FFD5C1B}.Release|Any CPU.ActiveCfg = Release|Any CPU
		{1ED5DAB3-2C25-48DA-A958-FFC69FFD5C1B}.Release|Any CPU.Build.0 = Release|Any CPU
		{E729ECD3-0CD3-45C4-9243-58F3B603B5A2}.Debug|Any CPU.ActiveCfg = Debug|Any CPU
		{E729ECD3-0CD3-45C4-9243-58F3B603B5A2}.Debug|Any CPU.Build.0 = Debug|Any CPU
		{E729ECD3-0CD3-45C4-9243-58F3B603B5A2}.Release|Any CPU.ActiveCfg = Release|Any CPU
		{E729ECD3-0CD3-45C4-9243-58F3B603B5A2}.Release|Any CPU.Build.0 = Release|Any CPU
		{BED310A1-97CC-4FCC-8076-76C9E76AA162}.Debug|Any CPU.ActiveCfg = Debug|Any CPU
		{BED310A1-97CC-4FCC-8076-76C9E76AA162}.Debug|Any CPU.Build.0 = Debug|Any CPU
		{BED310A1-97CC-4FCC-8076-76C9E76AA162}.Release|Any CPU.ActiveCfg = Release|Any CPU
		{BED310A1-97CC-4FCC-8076-76C9E76AA162}.Release|Any CPU.Build.0 = Release|Any CPU
		{8DCA1518-AAA8-4819-9F95-8C0ED4C07B3B}.Debug|Any CPU.ActiveCfg = Debug|Any CPU
		{8DCA1518-AAA8-4819-9F95-8C0ED4C07B3B}.Debug|Any CPU.Build.0 = Debug|Any CPU
		{8DCA1518-AAA8-4819-9F95-8C0ED4C07B3B}.Release|Any CPU.ActiveCfg = Release|Any CPU
		{8DCA1518-AAA8-4819-9F95-8C0ED4C07B3B}.Release|Any CPU.Build.0 = Release|Any CPU
		{6F3657D0-AC57-42D5-A589-C0FE6814DA6E}.Debug|Any CPU.ActiveCfg = Debug|Any CPU
		{6F3657D0-AC57-42D5-A589-C0FE6814DA6E}.Debug|Any CPU.Build.0 = Debug|Any CPU
		{6F3657D0-AC57-42D5-A589-C0FE6814DA6E}.Release|Any CPU.ActiveCfg = Release|Any CPU
		{6F3657D0-AC57-42D5-A589-C0FE6814DA6E}.Release|Any CPU.Build.0 = Release|Any CPU
		{4BDA259B-B15E-4908-9128-2F0DF96A3ACC}.Debug|Any CPU.ActiveCfg = Debug|Any CPU
		{4BDA259B-B15E-4908-9128-2F0DF96A3ACC}.Debug|Any CPU.Build.0 = Debug|Any CPU
		{4BDA259B-B15E-4908-9128-2F0DF96A3ACC}.Release|Any CPU.ActiveCfg = Release|Any CPU
		{4BDA259B-B15E-4908-9128-2F0DF96A3ACC}.Release|Any CPU.Build.0 = Release|Any CPU
		{DA77DF1F-9CFC-494A-A1C4-A83305577590}.Debug|Any CPU.ActiveCfg = Debug|Any CPU
		{DA77DF1F-9CFC-494A-A1C4-A83305577590}.Debug|Any CPU.Build.0 = Debug|Any CPU
		{DA77DF1F-9CFC-494A-A1C4-A83305577590}.Release|Any CPU.ActiveCfg = Release|Any CPU
		{DA77DF1F-9CFC-494A-A1C4-A83305577590}.Release|Any CPU.Build.0 = Release|Any CPU
		{43DB98F7-CE04-4168-854F-5F73274B7ED2}.Debug|Any CPU.ActiveCfg = Debug|Any CPU
		{43DB98F7-CE04-4168-854F-5F73274B7ED2}.Debug|Any CPU.Build.0 = Debug|Any CPU
		{43DB98F7-CE04-4168-854F-5F73274B7ED2}.Release|Any CPU.ActiveCfg = Release|Any CPU
		{43DB98F7-CE04-4168-854F-5F73274B7ED2}.Release|Any CPU.Build.0 = Release|Any CPU
		{FACD495E-B085-4512-838D-5C94DC2046C6}.Debug|Any CPU.ActiveCfg = Debug|Any CPU
		{FACD495E-B085-4512-838D-5C94DC2046C6}.Debug|Any CPU.Build.0 = Debug|Any CPU
		{FACD495E-B085-4512-838D-5C94DC2046C6}.Release|Any CPU.ActiveCfg = Release|Any CPU
		{FACD495E-B085-4512-838D-5C94DC2046C6}.Release|Any CPU.Build.0 = Release|Any CPU
		{77C3F016-3AD3-4F7F-8E9C-358B67BEFDEA}.Debug|Any CPU.ActiveCfg = Debug|Any CPU
		{77C3F016-3AD3-4F7F-8E9C-358B67BEFDEA}.Debug|Any CPU.Build.0 = Debug|Any CPU
		{77C3F016-3AD3-4F7F-8E9C-358B67BEFDEA}.Release|Any CPU.ActiveCfg = Release|Any CPU
		{77C3F016-3AD3-4F7F-8E9C-358B67BEFDEA}.Release|Any CPU.Build.0 = Release|Any CPU
	EndGlobalSection
	GlobalSection(SolutionProperties) = preSolution
		HideSolutionNode = FALSE
	EndGlobalSection
	GlobalSection(ExtensibilityGlobals) = postSolution
		SolutionGuid = {C6345A93-3B4A-4B83-A39D-85B2BAA7C0CF}
	EndGlobalSection
EndGlobal
